// !$*UTF8*$!
{
	archiveVersion = 1;
	classes = {
	};
	objectVersion = 46;
	objects = {

/* Begin PBXBuildFile section */
		1E89CD76C4756207D512FEF0 /* libPods-GiskardUITests.a in Frameworks */ = {isa = PBXBuildFile; fileRef = 9C6D0FF46D2499E5B4D68AED /* libPods-GiskardUITests.a */; };
		3D40E0E4960D5682584812CA /* GSKNotebookMetaItem.m in Sources */ = {isa = PBXBuildFile; fileRef = 3D40EB37DD2E0F961ED5C240 /* GSKNotebookMetaItem.m */; };
		3D40E3BC30B6D02947524327 /* GSKNoteContentItem.m in Sources */ = {isa = PBXBuildFile; fileRef = 3D40E4AC1D1FA23C5874DC93 /* GSKNoteContentItem.m */; };
		3D40E69DD7672CD05972A978 /* GSKNoteCellItem.m in Sources */ = {isa = PBXBuildFile; fileRef = 3D40EBC3D7C2BBB497A086F4 /* GSKNoteCellItem.m */; };
		3D40E730CCC53865994D57EC /* DVCUIViewController.m in Sources */ = {isa = PBXBuildFile; fileRef = 3D40E455C44119073C1CFA39 /* DVCUIViewController.m */; };
		3D40EBEF8C9AA55796AF4AEE /* UIView+DVC.m in Sources */ = {isa = PBXBuildFile; fileRef = 3D40EC052BCC5F2A90DA0F7A /* UIView+DVC.m */; };
		3D40ECA5918345501520ED85 /* GSKDataCore.m in Sources */ = {isa = PBXBuildFile; fileRef = 3D40E29AA5049F9D1FA506C0 /* GSKDataCore.m */; };
		3D40ED3BD25C34DD94EA0C9F /* DVCUITableViewController.m in Sources */ = {isa = PBXBuildFile; fileRef = 3D40EFE460117DC655E39F9A /* DVCUITableViewController.m */; };
		3D40EE30E7E6813DFCB70874 /* GSKNoteMetaItem.m in Sources */ = {isa = PBXBuildFile; fileRef = 3D40EBADED530FD90C624413 /* GSKNoteMetaItem.m */; };
		692FF6291E9F1B8400B81CFD /* Quiver.qvlibrary in Resources */ = {isa = PBXBuildFile; fileRef = 692FF6281E9F1B8400B81CFD /* Quiver.qvlibrary */; };
		69A7B4101E693DA10099C735 /* main.m in Sources */ = {isa = PBXBuildFile; fileRef = 69A7B40F1E693DA10099C735 /* main.m */; };
		69A7B4131E693DA10099C735 /* AppDelegate.m in Sources */ = {isa = PBXBuildFile; fileRef = 69A7B4121E693DA10099C735 /* AppDelegate.m */; };
		69A7B4191E693DA10099C735 /* Main.storyboard in Resources */ = {isa = PBXBuildFile; fileRef = 69A7B4171E693DA10099C735 /* Main.storyboard */; };
		69A7B41E1E693DA10099C735 /* Assets.xcassets in Resources */ = {isa = PBXBuildFile; fileRef = 69A7B41D1E693DA10099C735 /* Assets.xcassets */; };
		69A7B4211E693DA10099C735 /* LaunchScreen.storyboard in Resources */ = {isa = PBXBuildFile; fileRef = 69A7B41F1E693DA10099C735 /* LaunchScreen.storyboard */; };
		69A7B42C1E693DA10099C735 /* GiskardTests.m in Sources */ = {isa = PBXBuildFile; fileRef = 69A7B42B1E693DA10099C735 /* GiskardTests.m */; };
		69A7B4371E693DA10099C735 /* GiskardUITests.m in Sources */ = {isa = PBXBuildFile; fileRef = 69A7B4361E693DA10099C735 /* GiskardUITests.m */; };
		69A7B4461E693DDF0099C735 /* GSKNoteTableViewController.m in Sources */ = {isa = PBXBuildFile; fileRef = 69A7B4451E693DDF0099C735 /* GSKNoteTableViewController.m */; };
		69A7B4491E693EFF0099C735 /* GSKNoteTableViewCell.m in Sources */ = {isa = PBXBuildFile; fileRef = 69A7B4481E693EFF0099C735 /* GSKNoteTableViewCell.m */; };
		69A7B44C1E6940F00099C735 /* GSKHomeViewController.m in Sources */ = {isa = PBXBuildFile; fileRef = 69A7B44B1E6940F00099C735 /* GSKHomeViewController.m */; };
		907ACD87FE5D88D1EB89D80E /* libPods-Giskard.a in Frameworks */ = {isa = PBXBuildFile; fileRef = C9D25AF6ECD61B2F62EB01CD /* libPods-Giskard.a */; };
		F9744F07857661A1E031545F /* libPods-GiskardTests.a in Frameworks */ = {isa = PBXBuildFile; fileRef = 4C8D72169088419E11BD8D6E /* libPods-GiskardTests.a */; };
/* End PBXBuildFile section */

/* Begin PBXContainerItemProxy section */
		69A7B4281E693DA10099C735 /* PBXContainerItemProxy */ = {
			isa = PBXContainerItemProxy;
			containerPortal = 69A7B4031E693DA10099C735 /* Project object */;
			proxyType = 1;
			remoteGlobalIDString = 69A7B40A1E693DA10099C735;
			remoteInfo = Giskard;
		};
		69A7B4331E693DA10099C735 /* PBXContainerItemProxy */ = {
			isa = PBXContainerItemProxy;
			containerPortal = 69A7B4031E693DA10099C735 /* Project object */;
			proxyType = 1;
			remoteGlobalIDString = 69A7B40A1E693DA10099C735;
			remoteInfo = Giskard;
		};
/* End PBXContainerItemProxy section */

/* Begin PBXFileReference section */
		3C5384D101407056CE7E9593 /* Pods-GiskardTests.release.xcconfig */ = {isa = PBXFileReference; includeInIndex = 1; lastKnownFileType = text.xcconfig; name = "Pods-GiskardTests.release.xcconfig"; path = "Pods/Target Support Files/Pods-GiskardTests/Pods-GiskardTests.release.xcconfig"; sourceTree = "<group>"; };
		3D40E03A54CE1D4C41A09732 /* GSKNotebookMetaItem.h */ = {isa = PBXFileReference; fileEncoding = 4; lastKnownFileType = sourcecode.c.h; path = GSKNotebookMetaItem.h; sourceTree = "<group>"; };
		3D40E25050064B01C7D83610 /* DVCUITableViewController.h */ = {isa = PBXFileReference; fileEncoding = 4; lastKnownFileType = sourcecode.c.h; path = DVCUITableViewController.h; sourceTree = "<group>"; };
		3D40E29AA5049F9D1FA506C0 /* GSKDataCore.m */ = {isa = PBXFileReference; fileEncoding = 4; lastKnownFileType = sourcecode.c.objc; path = GSKDataCore.m; sourceTree = "<group>"; };
		3D40E455C44119073C1CFA39 /* DVCUIViewController.m */ = {isa = PBXFileReference; fileEncoding = 4; lastKnownFileType = sourcecode.c.objc; path = DVCUIViewController.m; sourceTree = "<group>"; };
		3D40E4AC1D1FA23C5874DC93 /* GSKNoteContentItem.m */ = {isa = PBXFileReference; fileEncoding = 4; lastKnownFileType = sourcecode.c.objc; path = GSKNoteContentItem.m; sourceTree = "<group>"; };
		3D40E9266A62F5E870B5D6B8 /* GSKNoteCellItem.h */ = {isa = PBXFileReference; fileEncoding = 4; lastKnownFileType = sourcecode.c.h; path = GSKNoteCellItem.h; sourceTree = "<group>"; };
		3D40E9A5900B7C254DF632BF /* GSKNoteContentItem.h */ = {isa = PBXFileReference; fileEncoding = 4; lastKnownFileType = sourcecode.c.h; path = GSKNoteContentItem.h; sourceTree = "<group>"; };
		3D40EB37DD2E0F961ED5C240 /* GSKNotebookMetaItem.m */ = {isa = PBXFileReference; fileEncoding = 4; lastKnownFileType = sourcecode.c.objc; path = GSKNotebookMetaItem.m; sourceTree = "<group>"; };
		3D40EB8D51D2F06109BF9624 /* GSKNoteMetaItem.h */ = {isa = PBXFileReference; fileEncoding = 4; lastKnownFileType = sourcecode.c.h; path = GSKNoteMetaItem.h; sourceTree = "<group>"; };
		3D40EBA774D9E4EE32D5E41E /* UIView+DVC.h */ = {isa = PBXFileReference; fileEncoding = 4; lastKnownFileType = sourcecode.c.h; path = "UIView+DVC.h"; sourceTree = "<group>"; };
		3D40EBADED530FD90C624413 /* GSKNoteMetaItem.m */ = {isa = PBXFileReference; fileEncoding = 4; lastKnownFileType = sourcecode.c.objc; path = GSKNoteMetaItem.m; sourceTree = "<group>"; };
		3D40EBC3D7C2BBB497A086F4 /* GSKNoteCellItem.m */ = {isa = PBXFileReference; fileEncoding = 4; lastKnownFileType = sourcecode.c.objc; path = GSKNoteCellItem.m; sourceTree = "<group>"; };
		3D40EC052BCC5F2A90DA0F7A /* UIView+DVC.m */ = {isa = PBXFileReference; fileEncoding = 4; lastKnownFileType = sourcecode.c.objc; path = "UIView+DVC.m"; sourceTree = "<group>"; };
		3D40EDD7C4F2E5A2CF9D9A7A /* DVCUIViewController.h */ = {isa = PBXFileReference; fileEncoding = 4; lastKnownFileType = sourcecode.c.h; path = DVCUIViewController.h; sourceTree = "<group>"; };
		3D40EEFC04122C7A6CF89F15 /* GSKDataCore.h */ = {isa = PBXFileReference; fileEncoding = 4; lastKnownFileType = sourcecode.c.h; path = GSKDataCore.h; sourceTree = "<group>"; };
		3D40EFE460117DC655E39F9A /* DVCUITableViewController.m */ = {isa = PBXFileReference; fileEncoding = 4; lastKnownFileType = sourcecode.c.objc; path = DVCUITableViewController.m; sourceTree = "<group>"; };
		4C8D72169088419E11BD8D6E /* libPods-GiskardTests.a */ = {isa = PBXFileReference; explicitFileType = archive.ar; includeInIndex = 0; path = "libPods-GiskardTests.a"; sourceTree = BUILT_PRODUCTS_DIR; };
		62A3F245F845B458ABDB8207 /* Pods-GiskardUITests.release.xcconfig */ = {isa = PBXFileReference; includeInIndex = 1; lastKnownFileType = text.xcconfig; name = "Pods-GiskardUITests.release.xcconfig"; path = "Pods/Target Support Files/Pods-GiskardUITests/Pods-GiskardUITests.release.xcconfig"; sourceTree = "<group>"; };
		692FF6281E9F1B8400B81CFD /* Quiver.qvlibrary */ = {isa = PBXFileReference; lastKnownFileType = wrapper; path = Quiver.qvlibrary; sourceTree = "<group>"; };
		69A7B40B1E693DA10099C735 /* Giskard.app */ = {isa = PBXFileReference; explicitFileType = wrapper.application; includeInIndex = 0; path = Giskard.app; sourceTree = BUILT_PRODUCTS_DIR; };
		69A7B40F1E693DA10099C735 /* main.m */ = {isa = PBXFileReference; lastKnownFileType = sourcecode.c.objc; path = main.m; sourceTree = "<group>"; };
		69A7B4111E693DA10099C735 /* AppDelegate.h */ = {isa = PBXFileReference; lastKnownFileType = sourcecode.c.h; path = AppDelegate.h; sourceTree = "<group>"; };
		69A7B4121E693DA10099C735 /* AppDelegate.m */ = {isa = PBXFileReference; lastKnownFileType = sourcecode.c.objc; path = AppDelegate.m; sourceTree = "<group>"; };
		69A7B4181E693DA10099C735 /* Base */ = {isa = PBXFileReference; lastKnownFileType = file.storyboard; name = Base; path = Base.lproj/Main.storyboard; sourceTree = "<group>"; };
		69A7B41D1E693DA10099C735 /* Assets.xcassets */ = {isa = PBXFileReference; lastKnownFileType = folder.assetcatalog; path = Assets.xcassets; sourceTree = "<group>"; };
		69A7B4201E693DA10099C735 /* Base */ = {isa = PBXFileReference; lastKnownFileType = file.storyboard; name = Base; path = Base.lproj/LaunchScreen.storyboard; sourceTree = "<group>"; };
		69A7B4221E693DA10099C735 /* Info.plist */ = {isa = PBXFileReference; lastKnownFileType = text.plist.xml; path = Info.plist; sourceTree = "<group>"; };
		69A7B4271E693DA10099C735 /* GiskardTests.xctest */ = {isa = PBXFileReference; explicitFileType = wrapper.cfbundle; includeInIndex = 0; path = GiskardTests.xctest; sourceTree = BUILT_PRODUCTS_DIR; };
		69A7B42B1E693DA10099C735 /* GiskardTests.m */ = {isa = PBXFileReference; lastKnownFileType = sourcecode.c.objc; path = GiskardTests.m; sourceTree = "<group>"; };
		69A7B42D1E693DA10099C735 /* Info.plist */ = {isa = PBXFileReference; lastKnownFileType = text.plist.xml; path = Info.plist; sourceTree = "<group>"; };
		69A7B4321E693DA10099C735 /* GiskardUITests.xctest */ = {isa = PBXFileReference; explicitFileType = wrapper.cfbundle; includeInIndex = 0; path = GiskardUITests.xctest; sourceTree = BUILT_PRODUCTS_DIR; };
		69A7B4361E693DA10099C735 /* GiskardUITests.m */ = {isa = PBXFileReference; lastKnownFileType = sourcecode.c.objc; path = GiskardUITests.m; sourceTree = "<group>"; };
		69A7B4381E693DA10099C735 /* Info.plist */ = {isa = PBXFileReference; lastKnownFileType = text.plist.xml; path = Info.plist; sourceTree = "<group>"; };
		69A7B4441E693DDF0099C735 /* GSKNoteTableViewController.h */ = {isa = PBXFileReference; fileEncoding = 4; lastKnownFileType = sourcecode.c.h; path = GSKNoteTableViewController.h; sourceTree = "<group>"; };
		69A7B4451E693DDF0099C735 /* GSKNoteTableViewController.m */ = {isa = PBXFileReference; fileEncoding = 4; lastKnownFileType = sourcecode.c.objc; path = GSKNoteTableViewController.m; sourceTree = "<group>"; };
		69A7B4471E693EFF0099C735 /* GSKNoteTableViewCell.h */ = {isa = PBXFileReference; fileEncoding = 4; lastKnownFileType = sourcecode.c.h; path = GSKNoteTableViewCell.h; sourceTree = "<group>"; };
		69A7B4481E693EFF0099C735 /* GSKNoteTableViewCell.m */ = {isa = PBXFileReference; fileEncoding = 4; lastKnownFileType = sourcecode.c.objc; path = GSKNoteTableViewCell.m; sourceTree = "<group>"; };
		69A7B44A1E6940F00099C735 /* GSKHomeViewController.h */ = {isa = PBXFileReference; fileEncoding = 4; lastKnownFileType = sourcecode.c.h; path = GSKHomeViewController.h; sourceTree = "<group>"; };
		69A7B44B1E6940F00099C735 /* GSKHomeViewController.m */ = {isa = PBXFileReference; fileEncoding = 4; lastKnownFileType = sourcecode.c.objc; path = GSKHomeViewController.m; sourceTree = "<group>"; };
		6A1A9AA0C067CD64A546E2B3 /* Pods-Giskard.debug.xcconfig */ = {isa = PBXFileReference; includeInIndex = 1; lastKnownFileType = text.xcconfig; name = "Pods-Giskard.debug.xcconfig"; path = "Pods/Target Support Files/Pods-Giskard/Pods-Giskard.debug.xcconfig"; sourceTree = "<group>"; };
		8E8F01C2B5C1515085799552 /* Pods-GiskardTests.debug.xcconfig */ = {isa = PBXFileReference; includeInIndex = 1; lastKnownFileType = text.xcconfig; name = "Pods-GiskardTests.debug.xcconfig"; path = "Pods/Target Support Files/Pods-GiskardTests/Pods-GiskardTests.debug.xcconfig"; sourceTree = "<group>"; };
		9C6D0FF46D2499E5B4D68AED /* libPods-GiskardUITests.a */ = {isa = PBXFileReference; explicitFileType = archive.ar; includeInIndex = 0; path = "libPods-GiskardUITests.a"; sourceTree = BUILT_PRODUCTS_DIR; };
		C9D25AF6ECD61B2F62EB01CD /* libPods-Giskard.a */ = {isa = PBXFileReference; explicitFileType = archive.ar; includeInIndex = 0; path = "libPods-Giskard.a"; sourceTree = BUILT_PRODUCTS_DIR; };
		EB4ADD12DC21A666F4477D93 /* Pods-GiskardUITests.debug.xcconfig */ = {isa = PBXFileReference; includeInIndex = 1; lastKnownFileType = text.xcconfig; name = "Pods-GiskardUITests.debug.xcconfig"; path = "Pods/Target Support Files/Pods-GiskardUITests/Pods-GiskardUITests.debug.xcconfig"; sourceTree = "<group>"; };
		FDE15D162D76CBC361090605 /* Pods-Giskard.release.xcconfig */ = {isa = PBXFileReference; includeInIndex = 1; lastKnownFileType = text.xcconfig; name = "Pods-Giskard.release.xcconfig"; path = "Pods/Target Support Files/Pods-Giskard/Pods-Giskard.release.xcconfig"; sourceTree = "<group>"; };
/* End PBXFileReference section */

/* Begin PBXFrameworksBuildPhase section */
		69A7B4081E693DA10099C735 /* Frameworks */ = {
			isa = PBXFrameworksBuildPhase;
			buildActionMask = 2147483647;
			files = (
				907ACD87FE5D88D1EB89D80E /* libPods-Giskard.a in Frameworks */,
			);
			runOnlyForDeploymentPostprocessing = 0;
		};
		69A7B4241E693DA10099C735 /* Frameworks */ = {
			isa = PBXFrameworksBuildPhase;
			buildActionMask = 2147483647;
			files = (
				F9744F07857661A1E031545F /* libPods-GiskardTests.a in Frameworks */,
			);
			runOnlyForDeploymentPostprocessing = 0;
		};
		69A7B42F1E693DA10099C735 /* Frameworks */ = {
			isa = PBXFrameworksBuildPhase;
			buildActionMask = 2147483647;
			files = (
				1E89CD76C4756207D512FEF0 /* libPods-GiskardUITests.a in Frameworks */,
			);
			runOnlyForDeploymentPostprocessing = 0;
		};
/* End PBXFrameworksBuildPhase section */

/* Begin PBXGroup section */
		26ACF5541A346D7621E7DC11 /* Pods */ = {
			isa = PBXGroup;
			children = (
				6A1A9AA0C067CD64A546E2B3 /* Pods-Giskard.debug.xcconfig */,
				FDE15D162D76CBC361090605 /* Pods-Giskard.release.xcconfig */,
				8E8F01C2B5C1515085799552 /* Pods-GiskardTests.debug.xcconfig */,
				3C5384D101407056CE7E9593 /* Pods-GiskardTests.release.xcconfig */,
				EB4ADD12DC21A666F4477D93 /* Pods-GiskardUITests.debug.xcconfig */,
				62A3F245F845B458ABDB8207 /* Pods-GiskardUITests.release.xcconfig */,
			);
			name = Pods;
			sourceTree = "<group>";
		};
		3D40EFE8834F5995949EE7D5 /* DVCUtils */ = {
			isa = PBXGroup;
			children = (
				3D40EBA774D9E4EE32D5E41E /* UIView+DVC.h */,
				3D40EC052BCC5F2A90DA0F7A /* UIView+DVC.m */,
				3D40E455C44119073C1CFA39 /* DVCUIViewController.m */,
				3D40EDD7C4F2E5A2CF9D9A7A /* DVCUIViewController.h */,
				3D40EFE460117DC655E39F9A /* DVCUITableViewController.m */,
				3D40E25050064B01C7D83610 /* DVCUITableViewController.h */,
			);
			path = DVCUtils;
			sourceTree = "<group>";
		};
		69108A5D1E6E4F0100C91B24 /* View */ = {
			isa = PBXGroup;
			children = (
				69A7B4471E693EFF0099C735 /* GSKNoteTableViewCell.h */,
				69A7B4481E693EFF0099C735 /* GSKNoteTableViewCell.m */,
			);
			name = View;
			sourceTree = "<group>";
		};
		69108A611E6E4F4400C91B24 /* Model */ = {
			isa = PBXGroup;
			children = (
				3D40EBC3D7C2BBB497A086F4 /* GSKNoteCellItem.m */,
				3D40E9266A62F5E870B5D6B8 /* GSKNoteCellItem.h */,
				3D40E4AC1D1FA23C5874DC93 /* GSKNoteContentItem.m */,
				3D40E9A5900B7C254DF632BF /* GSKNoteContentItem.h */,
				3D40EBADED530FD90C624413 /* GSKNoteMetaItem.m */,
				3D40EB8D51D2F06109BF9624 /* GSKNoteMetaItem.h */,
				3D40EB37DD2E0F961ED5C240 /* GSKNotebookMetaItem.m */,
				3D40E03A54CE1D4C41A09732 /* GSKNotebookMetaItem.h */,
				3D40E29AA5049F9D1FA506C0 /* GSKDataCore.m */,
				3D40EEFC04122C7A6CF89F15 /* GSKDataCore.h */,
			);
			name = Model;
			sourceTree = "<group>";
		};
		69A7B4021E693DA10099C735 = {
			isa = PBXGroup;
			children = (
				69A7B40D1E693DA10099C735 /* Giskard */,
				69A7B42A1E693DA10099C735 /* GiskardTests */,
				69A7B4351E693DA10099C735 /* GiskardUITests */,
				69A7B40C1E693DA10099C735 /* Products */,
				26ACF5541A346D7621E7DC11 /* Pods */,
				FBD5DBAE63CF2EB9B5AFA35E /* Frameworks */,
			);
			sourceTree = "<group>";
		};
		69A7B40C1E693DA10099C735 /* Products */ = {
			isa = PBXGroup;
			children = (
				69A7B40B1E693DA10099C735 /* Giskard.app */,
				69A7B4271E693DA10099C735 /* GiskardTests.xctest */,
				69A7B4321E693DA10099C735 /* GiskardUITests.xctest */,
			);
			name = Products;
			sourceTree = "<group>";
		};
		69A7B40D1E693DA10099C735 /* Giskard */ = {
			isa = PBXGroup;
			children = (
				69A7B4111E693DA10099C735 /* AppDelegate.h */,
				69A7B4121E693DA10099C735 /* AppDelegate.m */,
				69A7B4441E693DDF0099C735 /* GSKNoteTableViewController.h */,
				69A7B4451E693DDF0099C735 /* GSKNoteTableViewController.m */,
				69A7B44A1E6940F00099C735 /* GSKHomeViewController.h */,
				69A7B44B1E6940F00099C735 /* GSKHomeViewController.m */,
				69108A611E6E4F4400C91B24 /* Model */,
				69108A5D1E6E4F0100C91B24 /* View */,
				69A7B41D1E693DA10099C735 /* Assets.xcassets */,
				692FF6281E9F1B8400B81CFD /* Quiver.qvlibrary */,
				69A7B4221E693DA10099C735 /* Info.plist */,
				69A7B41F1E693DA10099C735 /* LaunchScreen.storyboard */,
				69A7B4171E693DA10099C735 /* Main.storyboard */,
				69A7B40E1E693DA10099C735 /* Supporting Files */,
				3D40EFE8834F5995949EE7D5 /* DVCUtils */,
			);
			path = Giskard;
			sourceTree = "<group>";
		};
		69A7B40E1E693DA10099C735 /* Supporting Files */ = {
			isa = PBXGroup;
			children = (
				69A7B40F1E693DA10099C735 /* main.m */,
			);
			name = "Supporting Files";
			sourceTree = "<group>";
		};
		69A7B42A1E693DA10099C735 /* GiskardTests */ = {
			isa = PBXGroup;
			children = (
				69A7B42B1E693DA10099C735 /* GiskardTests.m */,
				69A7B42D1E693DA10099C735 /* Info.plist */,
			);
			path = GiskardTests;
			sourceTree = "<group>";
		};
		69A7B4351E693DA10099C735 /* GiskardUITests */ = {
			isa = PBXGroup;
			children = (
				69A7B4361E693DA10099C735 /* GiskardUITests.m */,
				69A7B4381E693DA10099C735 /* Info.plist */,
			);
			path = GiskardUITests;
			sourceTree = "<group>";
		};
		FBD5DBAE63CF2EB9B5AFA35E /* Frameworks */ = {
			isa = PBXGroup;
			children = (
				C9D25AF6ECD61B2F62EB01CD /* libPods-Giskard.a */,
				4C8D72169088419E11BD8D6E /* libPods-GiskardTests.a */,
				9C6D0FF46D2499E5B4D68AED /* libPods-GiskardUITests.a */,
			);
			name = Frameworks;
			sourceTree = "<group>";
		};
/* End PBXGroup section */

/* Begin PBXNativeTarget section */
		69A7B40A1E693DA10099C735 /* Giskard */ = {
			isa = PBXNativeTarget;
			buildConfigurationList = 69A7B43B1E693DA10099C735 /* Build configuration list for PBXNativeTarget "Giskard" */;
			buildPhases = (
				FB4365F1B2FF3E80D5FE8A83 /* [CP] Check Pods Manifest.lock */,
				69A7B4071E693DA10099C735 /* Sources */,
				69A7B4081E693DA10099C735 /* Frameworks */,
				69A7B4091E693DA10099C735 /* Resources */,
				D6BCB8132EFF4ABC904B39FC /* [CP] Embed Pods Frameworks */,
				2BF41A5F269E046ACF4A592C /* [CP] Copy Pods Resources */,
			);
			buildRules = (
			);
			dependencies = (
			);
			name = Giskard;
			productName = Giskard;
			productReference = 69A7B40B1E693DA10099C735 /* Giskard.app */;
			productType = "com.apple.product-type.application";
		};
		69A7B4261E693DA10099C735 /* GiskardTests */ = {
			isa = PBXNativeTarget;
			buildConfigurationList = 69A7B43E1E693DA10099C735 /* Build configuration list for PBXNativeTarget "GiskardTests" */;
			buildPhases = (
				F22F32BC0D13890389535DF2 /* [CP] Check Pods Manifest.lock */,
				69A7B4231E693DA10099C735 /* Sources */,
				69A7B4241E693DA10099C735 /* Frameworks */,
				69A7B4251E693DA10099C735 /* Resources */,
				1CEDC9901250E8ECBBB89D27 /* [CP] Embed Pods Frameworks */,
				8849C65F835535F0FF6864DC /* [CP] Copy Pods Resources */,
			);
			buildRules = (
			);
			dependencies = (
				69A7B4291E693DA10099C735 /* PBXTargetDependency */,
			);
			name = GiskardTests;
			productName = GiskardTests;
			productReference = 69A7B4271E693DA10099C735 /* GiskardTests.xctest */;
			productType = "com.apple.product-type.bundle.unit-test";
		};
		69A7B4311E693DA10099C735 /* GiskardUITests */ = {
			isa = PBXNativeTarget;
			buildConfigurationList = 69A7B4411E693DA10099C735 /* Build configuration list for PBXNativeTarget "GiskardUITests" */;
			buildPhases = (
				45063F21721CAC4FA931113F /* [CP] Check Pods Manifest.lock */,
				69A7B42E1E693DA10099C735 /* Sources */,
				69A7B42F1E693DA10099C735 /* Frameworks */,
				69A7B4301E693DA10099C735 /* Resources */,
				6D1A03905C0EB8531959677E /* [CP] Embed Pods Frameworks */,
				00E02D610D3FDFEBDF7D32C0 /* [CP] Copy Pods Resources */,
			);
			buildRules = (
			);
			dependencies = (
				69A7B4341E693DA10099C735 /* PBXTargetDependency */,
			);
			name = GiskardUITests;
			productName = GiskardUITests;
			productReference = 69A7B4321E693DA10099C735 /* GiskardUITests.xctest */;
			productType = "com.apple.product-type.bundle.ui-testing";
		};
/* End PBXNativeTarget section */

/* Begin PBXProject section */
		69A7B4031E693DA10099C735 /* Project object */ = {
			isa = PBXProject;
			attributes = {
				LastUpgradeCheck = 0820;
				ORGANIZATIONNAME = "Dan Xin";
				TargetAttributes = {
					69A7B40A1E693DA10099C735 = {
						CreatedOnToolsVersion = 8.2.1;
						ProvisioningStyle = Automatic;
					};
					69A7B4261E693DA10099C735 = {
						CreatedOnToolsVersion = 8.2.1;
						ProvisioningStyle = Automatic;
						TestTargetID = 69A7B40A1E693DA10099C735;
					};
					69A7B4311E693DA10099C735 = {
						CreatedOnToolsVersion = 8.2.1;
						ProvisioningStyle = Automatic;
						TestTargetID = 69A7B40A1E693DA10099C735;
					};
				};
			};
			buildConfigurationList = 69A7B4061E693DA10099C735 /* Build configuration list for PBXProject "Giskard" */;
			compatibilityVersion = "Xcode 3.2";
			developmentRegion = English;
			hasScannedForEncodings = 0;
			knownRegions = (
				en,
				Base,
			);
			mainGroup = 69A7B4021E693DA10099C735;
			productRefGroup = 69A7B40C1E693DA10099C735 /* Products */;
			projectDirPath = "";
			projectRoot = "";
			targets = (
				69A7B40A1E693DA10099C735 /* Giskard */,
				69A7B4261E693DA10099C735 /* GiskardTests */,
				69A7B4311E693DA10099C735 /* GiskardUITests */,
			);
		};
/* End PBXProject section */

/* Begin PBXResourcesBuildPhase section */
		69A7B4091E693DA10099C735 /* Resources */ = {
			isa = PBXResourcesBuildPhase;
			buildActionMask = 2147483647;
			files = (
				69A7B4211E693DA10099C735 /* LaunchScreen.storyboard in Resources */,
				69A7B41E1E693DA10099C735 /* Assets.xcassets in Resources */,
				692FF6291E9F1B8400B81CFD /* Quiver.qvlibrary in Resources */,
				69A7B4191E693DA10099C735 /* Main.storyboard in Resources */,
			);
			runOnlyForDeploymentPostprocessing = 0;
		};
		69A7B4251E693DA10099C735 /* Resources */ = {
			isa = PBXResourcesBuildPhase;
			buildActionMask = 2147483647;
			files = (
			);
			runOnlyForDeploymentPostprocessing = 0;
		};
		69A7B4301E693DA10099C735 /* Resources */ = {
			isa = PBXResourcesBuildPhase;
			buildActionMask = 2147483647;
			files = (
			);
			runOnlyForDeploymentPostprocessing = 0;
		};
/* End PBXResourcesBuildPhase section */

/* Begin PBXShellScriptBuildPhase section */
		00E02D610D3FDFEBDF7D32C0 /* [CP] Copy Pods Resources */ = {
			isa = PBXShellScriptBuildPhase;
			buildActionMask = 2147483647;
			files = (
			);
			inputPaths = (
			);
			name = "[CP] Copy Pods Resources";
			outputPaths = (
			);
			runOnlyForDeploymentPostprocessing = 0;
			shellPath = /bin/sh;
			shellScript = "\"${SRCROOT}/Pods/Target Support Files/Pods-GiskardUITests/Pods-GiskardUITests-resources.sh\"\n";
			showEnvVarsInLog = 0;
		};
		1CEDC9901250E8ECBBB89D27 /* [CP] Embed Pods Frameworks */ = {
			isa = PBXShellScriptBuildPhase;
			buildActionMask = 2147483647;
			files = (
			);
			inputPaths = (
			);
			name = "[CP] Embed Pods Frameworks";
			outputPaths = (
			);
			runOnlyForDeploymentPostprocessing = 0;
			shellPath = /bin/sh;
			shellScript = "\"${SRCROOT}/Pods/Target Support Files/Pods-GiskardTests/Pods-GiskardTests-frameworks.sh\"\n";
			showEnvVarsInLog = 0;
		};
		2BF41A5F269E046ACF4A592C /* [CP] Copy Pods Resources */ = {
			isa = PBXShellScriptBuildPhase;
			buildActionMask = 2147483647;
			files = (
			);
			inputPaths = (
			);
			name = "[CP] Copy Pods Resources";
			outputPaths = (
			);
			runOnlyForDeploymentPostprocessing = 0;
			shellPath = /bin/sh;
			shellScript = "\"${SRCROOT}/Pods/Target Support Files/Pods-Giskard/Pods-Giskard-resources.sh\"\n";
			showEnvVarsInLog = 0;
		};
		45063F21721CAC4FA931113F /* [CP] Check Pods Manifest.lock */ = {
			isa = PBXShellScriptBuildPhase;
			buildActionMask = 2147483647;
			files = (
			);
			inputPaths = (
			);
			name = "[CP] Check Pods Manifest.lock";
			outputPaths = (
			);
			runOnlyForDeploymentPostprocessing = 0;
			shellPath = /bin/sh;
			shellScript = "diff \"${PODS_PODFILE_DIR_PATH}/Podfile.lock\" \"${PODS_ROOT}/Manifest.lock\" > /dev/null\nif [ $? != 0 ] ; then\n    # print error to STDERR\n    echo \"error: The sandbox is not in sync with the Podfile.lock. Run 'pod install' or update your CocoaPods installation.\" >&2\n    exit 1\nfi\n";
			showEnvVarsInLog = 0;
		};
		6D1A03905C0EB8531959677E /* [CP] Embed Pods Frameworks */ = {
			isa = PBXShellScriptBuildPhase;
			buildActionMask = 2147483647;
			files = (
			);
			inputPaths = (
			);
			name = "[CP] Embed Pods Frameworks";
			outputPaths = (
			);
			runOnlyForDeploymentPostprocessing = 0;
			shellPath = /bin/sh;
			shellScript = "\"${SRCROOT}/Pods/Target Support Files/Pods-GiskardUITests/Pods-GiskardUITests-frameworks.sh\"\n";
			showEnvVarsInLog = 0;
		};
		8849C65F835535F0FF6864DC /* [CP] Copy Pods Resources */ = {
			isa = PBXShellScriptBuildPhase;
			buildActionMask = 2147483647;
			files = (
			);
			inputPaths = (
			);
			name = "[CP] Copy Pods Resources";
			outputPaths = (
			);
			runOnlyForDeploymentPostprocessing = 0;
			shellPath = /bin/sh;
			shellScript = "\"${SRCROOT}/Pods/Target Support Files/Pods-GiskardTests/Pods-GiskardTests-resources.sh\"\n";
			showEnvVarsInLog = 0;
		};
		D6BCB8132EFF4ABC904B39FC /* [CP] Embed Pods Frameworks */ = {
			isa = PBXShellScriptBuildPhase;
			buildActionMask = 2147483647;
			files = (
			);
			inputPaths = (
			);
			name = "[CP] Embed Pods Frameworks";
			outputPaths = (
			);
			runOnlyForDeploymentPostprocessing = 0;
			shellPath = /bin/sh;
			shellScript = "\"${SRCROOT}/Pods/Target Support Files/Pods-Giskard/Pods-Giskard-frameworks.sh\"\n";
			showEnvVarsInLog = 0;
		};
		F22F32BC0D13890389535DF2 /* [CP] Check Pods Manifest.lock */ = {
			isa = PBXShellScriptBuildPhase;
			buildActionMask = 2147483647;
			files = (
			);
			inputPaths = (
			);
			name = "[CP] Check Pods Manifest.lock";
			outputPaths = (
			);
			runOnlyForDeploymentPostprocessing = 0;
			shellPath = /bin/sh;
			shellScript = "diff \"${PODS_PODFILE_DIR_PATH}/Podfile.lock\" \"${PODS_ROOT}/Manifest.lock\" > /dev/null\nif [ $? != 0 ] ; then\n    # print error to STDERR\n    echo \"error: The sandbox is not in sync with the Podfile.lock. Run 'pod install' or update your CocoaPods installation.\" >&2\n    exit 1\nfi\n";
			showEnvVarsInLog = 0;
		};
		FB4365F1B2FF3E80D5FE8A83 /* [CP] Check Pods Manifest.lock */ = {
			isa = PBXShellScriptBuildPhase;
			buildActionMask = 2147483647;
			files = (
			);
			inputPaths = (
			);
			name = "[CP] Check Pods Manifest.lock";
			outputPaths = (
			);
			runOnlyForDeploymentPostprocessing = 0;
			shellPath = /bin/sh;
			shellScript = "diff \"${PODS_PODFILE_DIR_PATH}/Podfile.lock\" \"${PODS_ROOT}/Manifest.lock\" > /dev/null\nif [ $? != 0 ] ; then\n    # print error to STDERR\n    echo \"error: The sandbox is not in sync with the Podfile.lock. Run 'pod install' or update your CocoaPods installation.\" >&2\n    exit 1\nfi\n";
			showEnvVarsInLog = 0;
		};
/* End PBXShellScriptBuildPhase section */

/* Begin PBXSourcesBuildPhase section */
		69A7B4071E693DA10099C735 /* Sources */ = {
			isa = PBXSourcesBuildPhase;
			buildActionMask = 2147483647;
			files = (
				69A7B4461E693DDF0099C735 /* GSKNoteTableViewController.m in Sources */,
				69A7B4131E693DA10099C735 /* AppDelegate.m in Sources */,
				69A7B4491E693EFF0099C735 /* GSKNoteTableViewCell.m in Sources */,
				69A7B4101E693DA10099C735 /* main.m in Sources */,
				69A7B44C1E6940F00099C735 /* GSKHomeViewController.m in Sources */,
				3D40E69DD7672CD05972A978 /* GSKNoteCellItem.m in Sources */,
				3D40E3BC30B6D02947524327 /* GSKNoteContentItem.m in Sources */,
				3D40EE30E7E6813DFCB70874 /* GSKNoteMetaItem.m in Sources */,
				3D40E0E4960D5682584812CA /* GSKNotebookMetaItem.m in Sources */,
				3D40ECA5918345501520ED85 /* GSKDataCore.m in Sources */,
				3D40EBEF8C9AA55796AF4AEE /* UIView+DVC.m in Sources */,
				3D40E730CCC53865994D57EC /* DVCUIViewController.m in Sources */,
				3D40ED3BD25C34DD94EA0C9F /* DVCUITableViewController.m in Sources */,
			);
			runOnlyForDeploymentPostprocessing = 0;
		};
		69A7B4231E693DA10099C735 /* Sources */ = {
			isa = PBXSourcesBuildPhase;
			buildActionMask = 2147483647;
			files = (
				69A7B42C1E693DA10099C735 /* GiskardTests.m in Sources */,
			);
			runOnlyForDeploymentPostprocessing = 0;
		};
		69A7B42E1E693DA10099C735 /* Sources */ = {
			isa = PBXSourcesBuildPhase;
			buildActionMask = 2147483647;
			files = (
				69A7B4371E693DA10099C735 /* GiskardUITests.m in Sources */,
			);
			runOnlyForDeploymentPostprocessing = 0;
		};
/* End PBXSourcesBuildPhase section */

/* Begin PBXTargetDependency section */
		69A7B4291E693DA10099C735 /* PBXTargetDependency */ = {
			isa = PBXTargetDependency;
			target = 69A7B40A1E693DA10099C735 /* Giskard */;
			targetProxy = 69A7B4281E693DA10099C735 /* PBXContainerItemProxy */;
		};
		69A7B4341E693DA10099C735 /* PBXTargetDependency */ = {
			isa = PBXTargetDependency;
			target = 69A7B40A1E693DA10099C735 /* Giskard */;
			targetProxy = 69A7B4331E693DA10099C735 /* PBXContainerItemProxy */;
		};
/* End PBXTargetDependency section */

/* Begin PBXVariantGroup section */
		69A7B4171E693DA10099C735 /* Main.storyboard */ = {
			isa = PBXVariantGroup;
			children = (
				69A7B4181E693DA10099C735 /* Base */,
			);
			name = Main.storyboard;
			sourceTree = "<group>";
		};
		69A7B41F1E693DA10099C735 /* LaunchScreen.storyboard */ = {
			isa = PBXVariantGroup;
			children = (
				69A7B4201E693DA10099C735 /* Base */,
			);
			name = LaunchScreen.storyboard;
			sourceTree = "<group>";
		};
/* End PBXVariantGroup section */

/* Begin XCBuildConfiguration section */
		69A7B4391E693DA10099C735 /* Debug */ = {
			isa = XCBuildConfiguration;
			buildSettings = {
				ALWAYS_SEARCH_USER_PATHS = NO;
				CLANG_ANALYZER_NONNULL = YES;
				CLANG_CXX_LANGUAGE_STANDARD = "gnu++0x";
				CLANG_CXX_LIBRARY = "libc++";
				CLANG_ENABLE_MODULES = YES;
				CLANG_ENABLE_OBJC_ARC = YES;
				CLANG_WARN_BOOL_CONVERSION = YES;
				CLANG_WARN_CONSTANT_CONVERSION = YES;
				CLANG_WARN_DIRECT_OBJC_ISA_USAGE = YES_ERROR;
				CLANG_WARN_DOCUMENTATION_COMMENTS = YES;
				CLANG_WARN_EMPTY_BODY = YES;
				CLANG_WARN_ENUM_CONVERSION = YES;
				CLANG_WARN_INFINITE_RECURSION = YES;
				CLANG_WARN_INT_CONVERSION = YES;
				CLANG_WARN_OBJC_ROOT_CLASS = YES_ERROR;
				CLANG_WARN_SUSPICIOUS_MOVE = YES;
				CLANG_WARN_UNREACHABLE_CODE = YES;
				CLANG_WARN__DUPLICATE_METHOD_MATCH = YES;
				"CODE_SIGN_IDENTITY[sdk=iphoneos*]" = "iPhone Developer";
				COPY_PHASE_STRIP = NO;
				DEBUG_INFORMATION_FORMAT = dwarf;
				ENABLE_STRICT_OBJC_MSGSEND = YES;
				ENABLE_TESTABILITY = YES;
				GCC_C_LANGUAGE_STANDARD = gnu99;
				GCC_DYNAMIC_NO_PIC = NO;
				GCC_NO_COMMON_BLOCKS = YES;
				GCC_OPTIMIZATION_LEVEL = 0;
				GCC_PREPROCESSOR_DEFINITIONS = (
					"DEBUG=1",
					"$(inherited)",
				);
				GCC_WARN_64_TO_32_BIT_CONVERSION = YES;
				GCC_WARN_ABOUT_RETURN_TYPE = YES_ERROR;
				GCC_WARN_UNDECLARED_SELECTOR = YES;
				GCC_WARN_UNINITIALIZED_AUTOS = YES_AGGRESSIVE;
				GCC_WARN_UNUSED_FUNCTION = YES;
				GCC_WARN_UNUSED_VARIABLE = YES;
				IPHONEOS_DEPLOYMENT_TARGET = 10.2;
				MTL_ENABLE_DEBUG_INFO = YES;
				ONLY_ACTIVE_ARCH = YES;
				SDKROOT = iphoneos;
			};
			name = Debug;
		};
		69A7B43A1E693DA10099C735 /* Release */ = {
			isa = XCBuildConfiguration;
			buildSettings = {
				ALWAYS_SEARCH_USER_PATHS = NO;
				CLANG_ANALYZER_NONNULL = YES;
				CLANG_CXX_LANGUAGE_STANDARD = "gnu++0x";
				CLANG_CXX_LIBRARY = "libc++";
				CLANG_ENABLE_MODULES = YES;
				CLANG_ENABLE_OBJC_ARC = YES;
				CLANG_WARN_BOOL_CONVERSION = YES;
				CLANG_WARN_CONSTANT_CONVERSION = YES;
				CLANG_WARN_DIRECT_OBJC_ISA_USAGE = YES_ERROR;
				CLANG_WARN_DOCUMENTATION_COMMENTS = YES;
				CLANG_WARN_EMPTY_BODY = YES;
				CLANG_WARN_ENUM_CONVERSION = YES;
				CLANG_WARN_INFINITE_RECURSION = YES;
				CLANG_WARN_INT_CONVERSION = YES;
				CLANG_WARN_OBJC_ROOT_CLASS = YES_ERROR;
				CLANG_WARN_SUSPICIOUS_MOVE = YES;
				CLANG_WARN_UNREACHABLE_CODE = YES;
				CLANG_WARN__DUPLICATE_METHOD_MATCH = YES;
				"CODE_SIGN_IDENTITY[sdk=iphoneos*]" = "iPhone Developer";
				COPY_PHASE_STRIP = NO;
				DEBUG_INFORMATION_FORMAT = "dwarf-with-dsym";
				ENABLE_NS_ASSERTIONS = NO;
				ENABLE_STRICT_OBJC_MSGSEND = YES;
				GCC_C_LANGUAGE_STANDARD = gnu99;
				GCC_NO_COMMON_BLOCKS = YES;
				GCC_WARN_64_TO_32_BIT_CONVERSION = YES;
				GCC_WARN_ABOUT_RETURN_TYPE = YES_ERROR;
				GCC_WARN_UNDECLARED_SELECTOR = YES;
				GCC_WARN_UNINITIALIZED_AUTOS = YES_AGGRESSIVE;
				GCC_WARN_UNUSED_FUNCTION = YES;
				GCC_WARN_UNUSED_VARIABLE = YES;
				IPHONEOS_DEPLOYMENT_TARGET = 10.2;
				MTL_ENABLE_DEBUG_INFO = NO;
				SDKROOT = iphoneos;
				VALIDATE_PRODUCT = YES;
			};
			name = Release;
		};
		69A7B43C1E693DA10099C735 /* Debug */ = {
			isa = XCBuildConfiguration;
			baseConfigurationReference = 6A1A9AA0C067CD64A546E2B3 /* Pods-Giskard.debug.xcconfig */;
			buildSettings = {
				ASSETCATALOG_COMPILER_APPICON_NAME = AppIcon;
				INFOPLIST_FILE = Giskard/Info.plist;
				LD_RUNPATH_SEARCH_PATHS = "$(inherited) @executable_path/Frameworks";
				PRODUCT_BUNDLE_IDENTIFIER = davinci42.com.Giskard;
				PRODUCT_NAME = "$(TARGET_NAME)";
			};
			name = Debug;
		};
		69A7B43D1E693DA10099C735 /* Release */ = {
			isa = XCBuildConfiguration;
			baseConfigurationReference = FDE15D162D76CBC361090605 /* Pods-Giskard.release.xcconfig */;
			buildSettings = {
				ASSETCATALOG_COMPILER_APPICON_NAME = AppIcon;
				INFOPLIST_FILE = Giskard/Info.plist;
				LD_RUNPATH_SEARCH_PATHS = "$(inherited) @executable_path/Frameworks";
				PRODUCT_BUNDLE_IDENTIFIER = davinci42.com.Giskard;
				PRODUCT_NAME = "$(TARGET_NAME)";
			};
			name = Release;
		};
		69A7B43F1E693DA10099C735 /* Debug */ = {
			isa = XCBuildConfiguration;
			baseConfigurationReference = 8E8F01C2B5C1515085799552 /* Pods-GiskardTests.debug.xcconfig */;
			buildSettings = {
				BUNDLE_LOADER = "$(TEST_HOST)";
				INFOPLIST_FILE = GiskardTests/Info.plist;
				LD_RUNPATH_SEARCH_PATHS = "$(inherited) @executable_path/Frameworks @loader_path/Frameworks";
				PRODUCT_BUNDLE_IDENTIFIER = davinci42.com.GiskardTests;
				PRODUCT_NAME = "$(TARGET_NAME)";
				TEST_HOST = "$(BUILT_PRODUCTS_DIR)/Giskard.app/Giskard";
			};
			name = Debug;
		};
		69A7B4401E693DA10099C735 /* Release */ = {
			isa = XCBuildConfiguration;
			baseConfigurationReference = 3C5384D101407056CE7E9593 /* Pods-GiskardTests.release.xcconfig */;
			buildSettings = {
				BUNDLE_LOADER = "$(TEST_HOST)";
				INFOPLIST_FILE = GiskardTests/Info.plist;
				LD_RUNPATH_SEARCH_PATHS = "$(inherited) @executable_path/Frameworks @loader_path/Frameworks";
				PRODUCT_BUNDLE_IDENTIFIER = davinci42.com.GiskardTests;
				PRODUCT_NAME = "$(TARGET_NAME)";
				TEST_HOST = "$(BUILT_PRODUCTS_DIR)/Giskard.app/Giskard";
			};
			name = Release;
		};
		69A7B4421E693DA10099C735 /* Debug */ = {
			isa = XCBuildConfiguration;
			baseConfigurationReference = EB4ADD12DC21A666F4477D93 /* Pods-GiskardUITests.debug.xcconfig */;
			buildSettings = {
				INFOPLIST_FILE = GiskardUITests/Info.plist;
				LD_RUNPATH_SEARCH_PATHS = "$(inherited) @executable_path/Frameworks @loader_path/Frameworks";
				PRODUCT_BUNDLE_IDENTIFIER = davinci42.com.GiskardUITests;
				PRODUCT_NAME = "$(TARGET_NAME)";
				TEST_TARGET_NAME = Giskard;
			};
			name = Debug;
		};
		69A7B4431E693DA10099C735 /* Release */ = {
			isa = XCBuildConfiguration;
			baseConfigurationReference = 62A3F245F845B458ABDB8207 /* Pods-GiskardUITests.release.xcconfig */;
			buildSettings = {
				INFOPLIST_FILE = GiskardUITests/Info.plist;
				LD_RUNPATH_SEARCH_PATHS = "$(inherited) @executable_path/Frameworks @loader_path/Frameworks";
				PRODUCT_BUNDLE_IDENTIFIER = davinci42.com.GiskardUITests;
				PRODUCT_NAME = "$(TARGET_NAME)";
				TEST_TARGET_NAME = Giskard;
			};
			name = Release;
		};
/* End XCBuildConfiguration section */

/* Begin XCConfigurationList section */
		69A7B4061E693DA10099C735 /* Build configuration list for PBXProject "Giskard" */ = {
			isa = XCConfigurationList;
			buildConfigurations = (
				69A7B4391E693DA10099C735 /* Debug */,
				69A7B43A1E693DA10099C735 /* Release */,
			);
			defaultConfigurationIsVisible = 0;
			defaultConfigurationName = Release;
		};
		69A7B43B1E693DA10099C735 /* Build configuration list for PBXNativeTarget "Giskard" */ = {
			isa = XCConfigurationList;
			buildConfigurations = (
				69A7B43C1E693DA10099C735 /* Debug */,
				69A7B43D1E693DA10099C735 /* Release */,
			);
			defaultConfigurationIsVisible = 0;
			defaultConfigurationName = Release;
		};
		69A7B43E1E693DA10099C735 /* Build configuration list for PBXNativeTarget "GiskardTests" */ = {
			isa = XCConfigurationList;
			buildConfigurations = (
				69A7B43F1E693DA10099C735 /* Debug */,
				69A7B4401E693DA10099C735 /* Release */,
			);
			defaultConfigurationIsVisible = 0;
			defaultConfigurationName = Release;
		};
		69A7B4411E693DA10099C735 /* Build configuration list for PBXNativeTarget "GiskardUITests" */ = {
			isa = XCConfigurationList;
			buildConfigurations = (
				69A7B4421E693DA10099C735 /* Debug */,
				69A7B4431E693DA10099C735 /* Release */,
			);
			defaultConfigurationIsVisible = 0;
			defaultConfigurationName = Release;
		};
/* End XCConfigurationList section */
	};
	rootObject = 69A7B4031E693DA10099C735 /* Project object */;
}
